
Microsoft Visual Studio Solution File, Format Version 12.00
# Visual Studio Version 16
VisualStudioVersion = 16.0.31205.134
MinimumVisualStudioVersion = 10.0.40219.1
Project("{FAE04EC0-301F-11D3-BF4B-00C04F79EFBC}") = "SimpleBlazorWASM.Web", "SimpleBlazorWASM.Web\SimpleBlazorWASM.Web.csproj", "{5BFEF6D2-B574-4561-928C-A2A4D178A4A8}"
EndProject
Project("{9A19103F-16F7-4668-BE54-9A1E7A4F7556}") = "SimpleBlazorWASM.Client", "SimpleBlazorWASM.Client\SimpleBlazorWASM.Client.csproj", "{E46D0F82-B568-49C6-A492-FFDDAC4D6EA6}"
EndProject
Global
	GlobalSection(SolutionConfigurationPlatforms) = preSolution
		Debug|Any CPU = Debug|Any CPU
		Release|Any CPU = Release|Any CPU
	EndGlobalSection
	GlobalSection(ProjectConfigurationPlatforms) = postSolution
		{5BFEF6D2-B574-4561-928C-A2A4D178A4A8}.Debug|Any CPU.ActiveCfg = Debug|Any CPU
		{5BFEF6D2-B574-4561-928C-A2A4D178A4A8}.Debug|Any CPU.Build.0 = Debug|Any CPU
		{5BFEF6D2-B574-4561-928C-A2A4D178A4A8}.Release|Any CPU.ActiveCfg = Release|Any CPU
		{5BFEF6D2-B574-4561-928C-A2A4D178A4A8}.Release|Any CPU.Build.0 = Release|Any CPU
		{E46D0F82-B568-49C6-A492-FFDDAC4D6EA6}.Debug|Any CPU.ActiveCfg = Debug|Any CPU
		{E46D0F82-B568-49C6-A492-FFDDAC4D6EA6}.Debug|Any CPU.Build.0 = Debug|Any CPU
		{E46D0F82-B568-49C6-A492-FFDDAC4D6EA6}.Release|Any CPU.ActiveCfg = Release|Any CPU
		{E46D0F82-B568-49C6-A492-FFDDAC4D6EA6}.Release|Any CPU.Build.0 = Release|Any CPU
	EndGlobalSection
	GlobalSection(SolutionProperties) = preSolution
		HideSolutionNode = FALSE
	EndGlobalSection
	GlobalSection(ExtensibilityGlobals) = postSolution
		SolutionGuid = {3D9FB116-A616-4E9C-B822-5D0F7A5F80D8}
	EndGlobalSection
EndGlobal
